// !$*UTF8*$!
{
	archiveVersion = 1;
	classes = {
	};
	objectVersion = 51;
	objects = {

/* Begin PBXBuildFile section */
		1717AA46249A05BE000851B6 /* HomeViewController.swift in Sources */ = {isa = PBXBuildFile; fileRef = 1717AA45249A05BE000851B6 /* HomeViewController.swift */; };
		1717AA48249A05CD000851B6 /* NewsViewController.swift in Sources */ = {isa = PBXBuildFile; fileRef = 1717AA47249A05CD000851B6 /* NewsViewController.swift */; };
		1717AA4A249A05DA000851B6 /* DataBaseViewController.swift in Sources */ = {isa = PBXBuildFile; fileRef = 1717AA49249A05DA000851B6 /* DataBaseViewController.swift */; };
		1717AA4C249A05E8000851B6 /* IntegralViewController.swift in Sources */ = {isa = PBXBuildFile; fileRef = 1717AA4B249A05E7000851B6 /* IntegralViewController.swift */; };
		1717AA4E249A05F3000851B6 /* MeViewController.swift in Sources */ = {isa = PBXBuildFile; fileRef = 1717AA4D249A05F3000851B6 /* MeViewController.swift */; };
		1717D8EA24A9C2B70096C1D1 /* Route.swift in Sources */ = {isa = PBXBuildFile; fileRef = 1717D8E924A9C2B70096C1D1 /* Route.swift */; };
		172670752491EEB8000387FA /* TabbarItemContentView.swift in Sources */ = {isa = PBXBuildFile; fileRef = 172670742491EEB8000387FA /* TabbarItemContentView.swift */; };
		175E95A224A1F41B00F6BC67 /* LYApi.swift in Sources */ = {isa = PBXBuildFile; fileRef = 175E95A124A1F41B00F6BC67 /* LYApi.swift */; };
		1760FC3924BD3A8200B8CF46 /* ActivityIndicator.swift in Sources */ = {isa = PBXBuildFile; fileRef = 1760FC3824BD3A8200B8CF46 /* ActivityIndicator.swift */; };
		176A0C9C24EE5AB5007857DE /* Navigator.swift in Sources */ = {isa = PBXBuildFile; fileRef = 176A0C9B24EE5AB5007857DE /* Navigator.swift */; };
		1773342324AC5A070086303C /* Model.swift in Sources */ = {isa = PBXBuildFile; fileRef = 1773342224AC5A070086303C /* Model.swift */; };
		177685E0249CF48D00F3B1E0 /* Constant.swift in Sources */ = {isa = PBXBuildFile; fileRef = 177685DF249CF48D00F3B1E0 /* Constant.swift */; };
		1799FD9F24ED0E1E00DA1402 /* LoginViewController.swift in Sources */ = {isa = PBXBuildFile; fileRef = 1799FD9D24ED0E1E00DA1402 /* LoginViewController.swift */; };
		1799FDA024ED0E1E00DA1402 /* LoginViewController.xib in Resources */ = {isa = PBXBuildFile; fileRef = 1799FD9E24ED0E1E00DA1402 /* LoginViewController.xib */; };
		1799FDA224ED16A700DA1402 /* ViewModel.swift in Sources */ = {isa = PBXBuildFile; fileRef = 1799FDA124ED16A700DA1402 /* ViewModel.swift */; };
		1799FDA424ED1A9600DA1402 /* LoginViewModel.swift in Sources */ = {isa = PBXBuildFile; fileRef = 1799FDA324ED1A9600DA1402 /* LoginViewModel.swift */; };
		17A2320524A2F0B600D1BE34 /* Observable+Response.swift in Sources */ = {isa = PBXBuildFile; fileRef = 17A2320224A2F0B600D1BE34 /* Observable+Response.swift */; };
		17A2320624A2F0B600D1BE34 /* MoyaProvider+Rx.swift in Sources */ = {isa = PBXBuildFile; fileRef = 17A2320324A2F0B600D1BE34 /* MoyaProvider+Rx.swift */; };
		17A2320724A2F0B600D1BE34 /* Single+Response.swift in Sources */ = {isa = PBXBuildFile; fileRef = 17A2320424A2F0B600D1BE34 /* Single+Response.swift */; };
		17B16A9C24906DF200E259F1 /* R.generated.swift in Sources */ = {isa = PBXBuildFile; fileRef = 17B16A9B24906DF100E259F1 /* R.generated.swift */; };
		17B16A9F2490A92100E259F1 /* BaseViewController.swift in Sources */ = {isa = PBXBuildFile; fileRef = 17B16A9E2490A92100E259F1 /* BaseViewController.swift */; };
		17B16AA12490A95B00E259F1 /* BaseNavgationController.swift in Sources */ = {isa = PBXBuildFile; fileRef = 17B16AA02490A95B00E259F1 /* BaseNavgationController.swift */; };
		17B16AA42490E21F00E259F1 /* TabBarController.swift in Sources */ = {isa = PBXBuildFile; fileRef = 17B16AA32490E21F00E259F1 /* TabBarController.swift */; };
		17CDEE0424911F6E0052928B /* pop.framework in Frameworks */ = {isa = PBXBuildFile; fileRef = 17CDEE0224911EAD0052928B /* pop.framework */; };
		17CDEE0524911F6E0052928B /* pop.framework in Embed Frameworks */ = {isa = PBXBuildFile; fileRef = 17CDEE0224911EAD0052928B /* pop.framework */; settings = {ATTRIBUTES = (CodeSignOnCopy, RemoveHeadersOnCopy, ); }; };
		17DA692924AB083700BC5541 /* PropertyInfo.swift in Sources */ = {isa = PBXBuildFile; fileRef = 17DA690024AB083400BC5541 /* PropertyInfo.swift */; };
		17DA692A24AB083700BC5541 /* Configuration.swift in Sources */ = {isa = PBXBuildFile; fileRef = 17DA690124AB083400BC5541 /* Configuration.swift */; };
		17DA692B24AB083700BC5541 /* BuiltInBridgeType.swift in Sources */ = {isa = PBXBuildFile; fileRef = 17DA690224AB083400BC5541 /* BuiltInBridgeType.swift */; };
		17DA692D24AB083700BC5541 /* AnyExtensions.swift in Sources */ = {isa = PBXBuildFile; fileRef = 17DA690424AB083400BC5541 /* AnyExtensions.swift */; };
		17DA692E24AB083700BC5541 /* HexColorTransform.swift in Sources */ = {isa = PBXBuildFile; fileRef = 17DA690524AB083400BC5541 /* HexColorTransform.swift */; };
		17DA692F24AB083700BC5541 /* EnumTransform.swift in Sources */ = {isa = PBXBuildFile; fileRef = 17DA690624AB083400BC5541 /* EnumTransform.swift */; };
		17DA693024AB083700BC5541 /* NSDecimalNumberTransform.swift in Sources */ = {isa = PBXBuildFile; fileRef = 17DA690724AB083500BC5541 /* NSDecimalNumberTransform.swift */; };
		17DA693124AB083700BC5541 /* Export.swift in Sources */ = {isa = PBXBuildFile; fileRef = 17DA690824AB083500BC5541 /* Export.swift */; };
		17DA693224AB083700BC5541 /* URLTransform.swift in Sources */ = {isa = PBXBuildFile; fileRef = 17DA690924AB083500BC5541 /* URLTransform.swift */; };
		17DA693324AB083700BC5541 /* BuiltInBasicType.swift in Sources */ = {isa = PBXBuildFile; fileRef = 17DA690A24AB083500BC5541 /* BuiltInBasicType.swift */; };
		17DA693424AB083700BC5541 /* Logger.swift in Sources */ = {isa = PBXBuildFile; fileRef = 17DA690B24AB083500BC5541 /* Logger.swift */; };
		17DA693524AB083700BC5541 /* CustomDateFormatTransform.swift in Sources */ = {isa = PBXBuildFile; fileRef = 17DA690C24AB083500BC5541 /* CustomDateFormatTransform.swift */; };
		17DA693624AB083700BC5541 /* ExtendCustomModelType.swift in Sources */ = {isa = PBXBuildFile; fileRef = 17DA690D24AB083500BC5541 /* ExtendCustomModelType.swift */; };
		17DA693724AB083700BC5541 /* Deserializer.swift in Sources */ = {isa = PBXBuildFile; fileRef = 17DA690E24AB083500BC5541 /* Deserializer.swift */; };
		17DA693824AB083700BC5541 /* EnumType.swift in Sources */ = {isa = PBXBuildFile; fileRef = 17DA690F24AB083500BC5541 /* EnumType.swift */; };
		17DA693924AB083700BC5541 /* ISO8601DateTransform.swift in Sources */ = {isa = PBXBuildFile; fileRef = 17DA691024AB083500BC5541 /* ISO8601DateTransform.swift */; };
		17DA693A24AB083700BC5541 /* ContextDescriptorType.swift in Sources */ = {isa = PBXBuildFile; fileRef = 17DA691124AB083500BC5541 /* ContextDescriptorType.swift */; };
		17DA693B24AB083700BC5541 /* DateTransform.swift in Sources */ = {isa = PBXBuildFile; fileRef = 17DA691224AB083500BC5541 /* DateTransform.swift */; };
		17DA693C24AB083700BC5541 /* MangledName.swift in Sources */ = {isa = PBXBuildFile; fileRef = 17DA691324AB083500BC5541 /* MangledName.swift */; };
		17DA693D24AB083700BC5541 /* Transformable.swift in Sources */ = {isa = PBXBuildFile; fileRef = 17DA691424AB083600BC5541 /* Transformable.swift */; };
		17DA693E24AB083700BC5541 /* TransformType.swift in Sources */ = {isa = PBXBuildFile; fileRef = 17DA691524AB083600BC5541 /* TransformType.swift */; };
		17DA694024AB083700BC5541 /* Measuable.swift in Sources */ = {isa = PBXBuildFile; fileRef = 17DA691724AB083600BC5541 /* Measuable.swift */; };
		17DA694124AB083700BC5541 /* HelpingMapper.swift in Sources */ = {isa = PBXBuildFile; fileRef = 17DA691824AB083600BC5541 /* HelpingMapper.swift */; };
		17DA694324AB083700BC5541 /* Properties.swift in Sources */ = {isa = PBXBuildFile; fileRef = 17DA691A24AB083600BC5541 /* Properties.swift */; };
		17DA694424AB083700BC5541 /* LICENSE in Resources */ = {isa = PBXBuildFile; fileRef = 17DA691B24AB083600BC5541 /* LICENSE */; };
		17DA694524AB083700BC5541 /* Metadata.swift in Sources */ = {isa = PBXBuildFile; fileRef = 17DA691C24AB083600BC5541 /* Metadata.swift */; };
		17DA694624AB083700BC5541 /* DateFormatterTransform.swift in Sources */ = {isa = PBXBuildFile; fileRef = 17DA691D24AB083600BC5541 /* DateFormatterTransform.swift */; };
		17DA694724AB083700BC5541 /* TransformOf.swift in Sources */ = {isa = PBXBuildFile; fileRef = 17DA691E24AB083600BC5541 /* TransformOf.swift */; };
		17DA694824AB083700BC5541 /* DataTransform.swift in Sources */ = {isa = PBXBuildFile; fileRef = 17DA691F24AB083600BC5541 /* DataTransform.swift */; };
		17DA694924AB083700BC5541 /* OtherExtension.swift in Sources */ = {isa = PBXBuildFile; fileRef = 17DA692024AB083700BC5541 /* OtherExtension.swift */; };
		17DA694B24AB083700BC5541 /* PointerType.swift in Sources */ = {isa = PBXBuildFile; fileRef = 17DA692224AB083700BC5541 /* PointerType.swift */; };
		17DA694C24AB083700BC5541 /* FieldDescriptor.swift in Sources */ = {isa = PBXBuildFile; fileRef = 17DA692324AB083700BC5541 /* FieldDescriptor.swift */; };
		17DA694D24AB083700BC5541 /* HandyJSON.h in Headers */ = {isa = PBXBuildFile; fileRef = 17DA692424AB083700BC5541 /* HandyJSON.h */; };
		17DA694E24AB083700BC5541 /* ReflectionHelper.swift in Sources */ = {isa = PBXBuildFile; fileRef = 17DA692524AB083700BC5541 /* ReflectionHelper.swift */; };
		17DA694F24AB083700BC5541 /* ExtendCustomBasicType.swift in Sources */ = {isa = PBXBuildFile; fileRef = 17DA692624AB083700BC5541 /* ExtendCustomBasicType.swift */; };
		17DA695024AB083700BC5541 /* CBridge.swift in Sources */ = {isa = PBXBuildFile; fileRef = 17DA692724AB083700BC5541 /* CBridge.swift */; };
		17DA695124AB083700BC5541 /* Serializer.swift in Sources */ = {isa = PBXBuildFile; fileRef = 17DA692824AB083700BC5541 /* Serializer.swift */; };
		17DA695324AB095D00BC5541 /* Response+ObjectMapper.swift in Sources */ = {isa = PBXBuildFile; fileRef = 17DA695224AB095D00BC5541 /* Response+ObjectMapper.swift */; };
		17DA695624AB096700BC5541 /* Single+ObjectMapper.swift in Sources */ = {isa = PBXBuildFile; fileRef = 17DA695424AB096700BC5541 /* Single+ObjectMapper.swift */; };
		17DA695724AB096700BC5541 /* ObservableType+ObjectMapper.swift in Sources */ = {isa = PBXBuildFile; fileRef = 17DA695524AB096700BC5541 /* ObservableType+ObjectMapper.swift */; };
		17DA695924AB0BDA00BC5541 /* NetworkStatusManager.swift in Sources */ = {isa = PBXBuildFile; fileRef = 17DA695824AB0BDA00BC5541 /* NetworkStatusManager.swift */; };
		17DA695B24AB344300BC5541 /* Device.swift in Sources */ = {isa = PBXBuildFile; fileRef = 17DA695A24AB344300BC5541 /* Device.swift */; };
		17DA695D24AB395300BC5541 /* BridgeHeader.h in Headers */ = {isa = PBXBuildFile; fileRef = 17DA695C24AB395300BC5541 /* BridgeHeader.h */; };
		17DF8AED24A8236A0098DCDE /* NetWork.swift in Sources */ = {isa = PBXBuildFile; fileRef = 17DF8AEC24A8236A0098DCDE /* NetWork.swift */; };
		17DF8B1024A86DCF0098DCDE /* MyServerType.swift in Sources */ = {isa = PBXBuildFile; fileRef = 17DF8B0F24A86DCF0098DCDE /* MyServerType.swift */; };
		17DF8B1224A86EAF0098DCDE /* MyServerConfig.swift in Sources */ = {isa = PBXBuildFile; fileRef = 17DF8B1124A86EAF0098DCDE /* MyServerConfig.swift */; };
		17DF8B1424A872CE0098DCDE /* MyServerApi.swift in Sources */ = {isa = PBXBuildFile; fileRef = 17DF8B1324A872CE0098DCDE /* MyServerApi.swift */; };
		17ECA9A524386CAF00A59C52 /* AppDelegate.swift in Sources */ = {isa = PBXBuildFile; fileRef = 17ECA9A424386CAF00A59C52 /* AppDelegate.swift */; };
		17ECA9AE24386CB200A59C52 /* Assets.xcassets in Resources */ = {isa = PBXBuildFile; fileRef = 17ECA9AD24386CB200A59C52 /* Assets.xcassets */; };
		17ECA9B124386CB200A59C52 /* LaunchScreen.storyboard in Resources */ = {isa = PBXBuildFile; fileRef = 17ECA9AF24386CB200A59C52 /* LaunchScreen.storyboard */; };
		17ECA9BC24386CB300A59C52 /* LYSwiftLearnTests.swift in Sources */ = {isa = PBXBuildFile; fileRef = 17ECA9BB24386CB300A59C52 /* LYSwiftLearnTests.swift */; };
		17ECA9C724386CB300A59C52 /* LYSwiftLearnUITests.swift in Sources */ = {isa = PBXBuildFile; fileRef = 17ECA9C624386CB300A59C52 /* LYSwiftLearnUITests.swift */; };
		17FDF4F0248E181300642055 /* Localizable.strings in Resources */ = {isa = PBXBuildFile; fileRef = 17FDF4F2248E181300642055 /* Localizable.strings */; };
		2721E0A6B56CB8C92C368E8A /* Pods_LYSwiftLearn.framework in Frameworks */ = {isa = PBXBuildFile; fileRef = 6C4AFCCDD32E0D63E3C786B4 /* Pods_LYSwiftLearn.framework */; };
		5CFDD56AAACB60DE5E098F2E /* Pods_LYSwiftLearnTests.framework in Frameworks */ = {isa = PBXBuildFile; fileRef = 68AFFACB731FCD4515C0D728 /* Pods_LYSwiftLearnTests.framework */; };
		B277E0E6B45B1A95C6AEFC63 /* Pods_LYSwiftLearnUITests.framework in Frameworks */ = {isa = PBXBuildFile; fileRef = C8BE5C68B9E051F3EB385CDB /* Pods_LYSwiftLearnUITests.framework */; };
/* End PBXBuildFile section */

/* Begin PBXContainerItemProxy section */
		17ECA9B824386CB300A59C52 /* PBXContainerItemProxy */ = {
			isa = PBXContainerItemProxy;
			containerPortal = 17ECA99924386CAF00A59C52 /* Project object */;
			proxyType = 1;
			remoteGlobalIDString = 17ECA9A024386CAF00A59C52;
			remoteInfo = LYSwiftLearn;
		};
		17ECA9C324386CB300A59C52 /* PBXContainerItemProxy */ = {
			isa = PBXContainerItemProxy;
			containerPortal = 17ECA99924386CAF00A59C52 /* Project object */;
			proxyType = 1;
			remoteGlobalIDString = 17ECA9A024386CAF00A59C52;
			remoteInfo = LYSwiftLearn;
		};
/* End PBXContainerItemProxy section */

/* Begin PBXCopyFilesBuildPhase section */
		17CDEE0624911F6F0052928B /* Embed Frameworks */ = {
			isa = PBXCopyFilesBuildPhase;
			buildActionMask = 2147483647;
			dstPath = "";
			dstSubfolderSpec = 10;
			files = (
				17CDEE0524911F6E0052928B /* pop.framework in Embed Frameworks */,
			);
			name = "Embed Frameworks";
			runOnlyForDeploymentPostprocessing = 0;
		};
/* End PBXCopyFilesBuildPhase section */

/* Begin PBXFileReference section */
		0E5B2C1B4DC088ABCB31A129 /* Pods-LYSwiftLearnUITests.debug.xcconfig */ = {isa = PBXFileReference; includeInIndex = 1; lastKnownFileType = text.xcconfig; name = "Pods-LYSwiftLearnUITests.debug.xcconfig"; path = "Target Support Files/Pods-LYSwiftLearnUITests/Pods-LYSwiftLearnUITests.debug.xcconfig"; sourceTree = "<group>"; };
		1717AA45249A05BE000851B6 /* HomeViewController.swift */ = {isa = PBXFileReference; lastKnownFileType = sourcecode.swift; path = HomeViewController.swift; sourceTree = "<group>"; };
		1717AA47249A05CD000851B6 /* NewsViewController.swift */ = {isa = PBXFileReference; lastKnownFileType = sourcecode.swift; path = NewsViewController.swift; sourceTree = "<group>"; };
		1717AA49249A05DA000851B6 /* DataBaseViewController.swift */ = {isa = PBXFileReference; lastKnownFileType = sourcecode.swift; path = DataBaseViewController.swift; sourceTree = "<group>"; };
		1717AA4B249A05E7000851B6 /* IntegralViewController.swift */ = {isa = PBXFileReference; lastKnownFileType = sourcecode.swift; path = IntegralViewController.swift; sourceTree = "<group>"; };
		1717AA4D249A05F3000851B6 /* MeViewController.swift */ = {isa = PBXFileReference; lastKnownFileType = sourcecode.swift; path = MeViewController.swift; sourceTree = "<group>"; };
		1717D8E924A9C2B70096C1D1 /* Route.swift */ = {isa = PBXFileReference; lastKnownFileType = sourcecode.swift; path = Route.swift; sourceTree = "<group>"; };
		172670742491EEB8000387FA /* TabbarItemContentView.swift */ = {isa = PBXFileReference; lastKnownFileType = sourcecode.swift; path = TabbarItemContentView.swift; sourceTree = "<group>"; };
		175E95A124A1F41B00F6BC67 /* LYApi.swift */ = {isa = PBXFileReference; lastKnownFileType = sourcecode.swift; path = LYApi.swift; sourceTree = "<group>"; };
		1760FC3824BD3A8200B8CF46 /* ActivityIndicator.swift */ = {isa = PBXFileReference; fileEncoding = 4; lastKnownFileType = sourcecode.swift; path = ActivityIndicator.swift; sourceTree = "<group>"; };
		176A0C9B24EE5AB5007857DE /* Navigator.swift */ = {isa = PBXFileReference; lastKnownFileType = sourcecode.swift; path = Navigator.swift; sourceTree = "<group>"; };
		1773342224AC5A070086303C /* Model.swift */ = {isa = PBXFileReference; lastKnownFileType = sourcecode.swift; path = Model.swift; sourceTree = "<group>"; };
		177685DF249CF48D00F3B1E0 /* Constant.swift */ = {isa = PBXFileReference; lastKnownFileType = sourcecode.swift; path = Constant.swift; sourceTree = "<group>"; };
		1799FD9D24ED0E1E00DA1402 /* LoginViewController.swift */ = {isa = PBXFileReference; lastKnownFileType = sourcecode.swift; path = LoginViewController.swift; sourceTree = "<group>"; };
		1799FD9E24ED0E1E00DA1402 /* LoginViewController.xib */ = {isa = PBXFileReference; lastKnownFileType = file.xib; path = LoginViewController.xib; sourceTree = "<group>"; };
		1799FDA124ED16A700DA1402 /* ViewModel.swift */ = {isa = PBXFileReference; lastKnownFileType = sourcecode.swift; path = ViewModel.swift; sourceTree = "<group>"; };
		1799FDA324ED1A9600DA1402 /* LoginViewModel.swift */ = {isa = PBXFileReference; lastKnownFileType = sourcecode.swift; path = LoginViewModel.swift; sourceTree = "<group>"; };
		17A2320224A2F0B600D1BE34 /* Observable+Response.swift */ = {isa = PBXFileReference; fileEncoding = 4; lastKnownFileType = sourcecode.swift; path = "Observable+Response.swift"; sourceTree = "<group>"; };
		17A2320324A2F0B600D1BE34 /* MoyaProvider+Rx.swift */ = {isa = PBXFileReference; fileEncoding = 4; lastKnownFileType = sourcecode.swift; path = "MoyaProvider+Rx.swift"; sourceTree = "<group>"; };
		17A2320424A2F0B600D1BE34 /* Single+Response.swift */ = {isa = PBXFileReference; fileEncoding = 4; lastKnownFileType = sourcecode.swift; path = "Single+Response.swift"; sourceTree = "<group>"; };
		17B16A9B24906DF100E259F1 /* R.generated.swift */ = {isa = PBXFileReference; fileEncoding = 4; lastKnownFileType = sourcecode.swift; path = R.generated.swift; sourceTree = SOURCE_ROOT; };
		17B16A9E2490A92100E259F1 /* BaseViewController.swift */ = {isa = PBXFileReference; lastKnownFileType = sourcecode.swift; path = BaseViewController.swift; sourceTree = "<group>"; };
		17B16AA02490A95B00E259F1 /* BaseNavgationController.swift */ = {isa = PBXFileReference; lastKnownFileType = sourcecode.swift; path = BaseNavgationController.swift; sourceTree = "<group>"; };
		17B16AA32490E21F00E259F1 /* TabBarController.swift */ = {isa = PBXFileReference; lastKnownFileType = sourcecode.swift; path = TabBarController.swift; sourceTree = "<group>"; };
		17CDEE0224911EAD0052928B /* pop.framework */ = {isa = PBXFileReference; lastKnownFileType = wrapper.framework; path = pop.framework; sourceTree = "<group>"; };
		17D89698244C859400B0E68A /* MyPlayground.playground */ = {isa = PBXFileReference; lastKnownFileType = file.playground; path = MyPlayground.playground; sourceTree = "<group>"; xcLanguageSpecificationIdentifier = xcode.lang.swift; };
		17DA690024AB083400BC5541 /* PropertyInfo.swift */ = {isa = PBXFileReference; fileEncoding = 4; lastKnownFileType = sourcecode.swift; path = PropertyInfo.swift; sourceTree = "<group>"; };
		17DA690124AB083400BC5541 /* Configuration.swift */ = {isa = PBXFileReference; fileEncoding = 4; lastKnownFileType = sourcecode.swift; path = Configuration.swift; sourceTree = "<group>"; };
		17DA690224AB083400BC5541 /* BuiltInBridgeType.swift */ = {isa = PBXFileReference; fileEncoding = 4; lastKnownFileType = sourcecode.swift; path = BuiltInBridgeType.swift; sourceTree = "<group>"; };
		17DA690424AB083400BC5541 /* AnyExtensions.swift */ = {isa = PBXFileReference; fileEncoding = 4; lastKnownFileType = sourcecode.swift; path = AnyExtensions.swift; sourceTree = "<group>"; };
		17DA690524AB083400BC5541 /* HexColorTransform.swift */ = {isa = PBXFileReference; fileEncoding = 4; lastKnownFileType = sourcecode.swift; path = HexColorTransform.swift; sourceTree = "<group>"; };
		17DA690624AB083400BC5541 /* EnumTransform.swift */ = {isa = PBXFileReference; fileEncoding = 4; lastKnownFileType = sourcecode.swift; path = EnumTransform.swift; sourceTree = "<group>"; };
		17DA690724AB083500BC5541 /* NSDecimalNumberTransform.swift */ = {isa = PBXFileReference; fileEncoding = 4; lastKnownFileType = sourcecode.swift; path = NSDecimalNumberTransform.swift; sourceTree = "<group>"; };
		17DA690824AB083500BC5541 /* Export.swift */ = {isa = PBXFileReference; fileEncoding = 4; lastKnownFileType = sourcecode.swift; path = Export.swift; sourceTree = "<group>"; };
		17DA690924AB083500BC5541 /* URLTransform.swift */ = {isa = PBXFileReference; fileEncoding = 4; lastKnownFileType = sourcecode.swift; path = URLTransform.swift; sourceTree = "<group>"; };
		17DA690A24AB083500BC5541 /* BuiltInBasicType.swift */ = {isa = PBXFileReference; fileEncoding = 4; lastKnownFileType = sourcecode.swift; path = BuiltInBasicType.swift; sourceTree = "<group>"; };
		17DA690B24AB083500BC5541 /* Logger.swift */ = {isa = PBXFileReference; fileEncoding = 4; lastKnownFileType = sourcecode.swift; path = Logger.swift; sourceTree = "<group>"; };
		17DA690C24AB083500BC5541 /* CustomDateFormatTransform.swift */ = {isa = PBXFileReference; fileEncoding = 4; lastKnownFileType = sourcecode.swift; path = CustomDateFormatTransform.swift; sourceTree = "<group>"; };
		17DA690D24AB083500BC5541 /* ExtendCustomModelType.swift */ = {isa = PBXFileReference; fileEncoding = 4; lastKnownFileType = sourcecode.swift; path = ExtendCustomModelType.swift; sourceTree = "<group>"; };
		17DA690E24AB083500BC5541 /* Deserializer.swift */ = {isa = PBXFileReference; fileEncoding = 4; lastKnownFileType = sourcecode.swift; path = Deserializer.swift; sourceTree = "<group>"; };
		17DA690F24AB083500BC5541 /* EnumType.swift */ = {isa = PBXFileReference; fileEncoding = 4; lastKnownFileType = sourcecode.swift; path = EnumType.swift; sourceTree = "<group>"; };
		17DA691024AB083500BC5541 /* ISO8601DateTransform.swift */ = {isa = PBXFileReference; fileEncoding = 4; lastKnownFileType = sourcecode.swift; path = ISO8601DateTransform.swift; sourceTree = "<group>"; };
		17DA691124AB083500BC5541 /* ContextDescriptorType.swift */ = {isa = PBXFileReference; fileEncoding = 4; lastKnownFileType = sourcecode.swift; path = ContextDescriptorType.swift; sourceTree = "<group>"; };
		17DA691224AB083500BC5541 /* DateTransform.swift */ = {isa = PBXFileReference; fileEncoding = 4; lastKnownFileType = sourcecode.swift; path = DateTransform.swift; sourceTree = "<group>"; };
		17DA691324AB083500BC5541 /* MangledName.swift */ = {isa = PBXFileReference; fileEncoding = 4; lastKnownFileType = sourcecode.swift; path = MangledName.swift; sourceTree = "<group>"; };
		17DA691424AB083600BC5541 /* Transformable.swift */ = {isa = PBXFileReference; fileEncoding = 4; lastKnownFileType = sourcecode.swift; path = Transformable.swift; sourceTree = "<group>"; };
		17DA691524AB083600BC5541 /* TransformType.swift */ = {isa = PBXFileReference; fileEncoding = 4; lastKnownFileType = sourcecode.swift; path = TransformType.swift; sourceTree = "<group>"; };
		17DA691724AB083600BC5541 /* Measuable.swift */ = {isa = PBXFileReference; fileEncoding = 4; lastKnownFileType = sourcecode.swift; path = Measuable.swift; sourceTree = "<group>"; };
		17DA691824AB083600BC5541 /* HelpingMapper.swift */ = {isa = PBXFileReference; fileEncoding = 4; lastKnownFileType = sourcecode.swift; path = HelpingMapper.swift; sourceTree = "<group>"; };
		17DA691A24AB083600BC5541 /* Properties.swift */ = {isa = PBXFileReference; fileEncoding = 4; lastKnownFileType = sourcecode.swift; path = Properties.swift; sourceTree = "<group>"; };
		17DA691B24AB083600BC5541 /* LICENSE */ = {isa = PBXFileReference; fileEncoding = 4; lastKnownFileType = text; path = LICENSE; sourceTree = "<group>"; };
		17DA691C24AB083600BC5541 /* Metadata.swift */ = {isa = PBXFileReference; fileEncoding = 4; lastKnownFileType = sourcecode.swift; path = Metadata.swift; sourceTree = "<group>"; };
		17DA691D24AB083600BC5541 /* DateFormatterTransform.swift */ = {isa = PBXFileReference; fileEncoding = 4; lastKnownFileType = sourcecode.swift; path = DateFormatterTransform.swift; sourceTree = "<group>"; };
		17DA691E24AB083600BC5541 /* TransformOf.swift */ = {isa = PBXFileReference; fileEncoding = 4; lastKnownFileType = sourcecode.swift; path = TransformOf.swift; sourceTree = "<group>"; };
		17DA691F24AB083600BC5541 /* DataTransform.swift */ = {isa = PBXFileReference; fileEncoding = 4; lastKnownFileType = sourcecode.swift; path = DataTransform.swift; sourceTree = "<group>"; };
		17DA692024AB083700BC5541 /* OtherExtension.swift */ = {isa = PBXFileReference; fileEncoding = 4; lastKnownFileType = sourcecode.swift; path = OtherExtension.swift; sourceTree = "<group>"; };
		17DA692224AB083700BC5541 /* PointerType.swift */ = {isa = PBXFileReference; fileEncoding = 4; lastKnownFileType = sourcecode.swift; path = PointerType.swift; sourceTree = "<group>"; };
		17DA692324AB083700BC5541 /* FieldDescriptor.swift */ = {isa = PBXFileReference; fileEncoding = 4; lastKnownFileType = sourcecode.swift; path = FieldDescriptor.swift; sourceTree = "<group>"; };
		17DA692424AB083700BC5541 /* HandyJSON.h */ = {isa = PBXFileReference; fileEncoding = 4; lastKnownFileType = sourcecode.c.h; path = HandyJSON.h; sourceTree = "<group>"; };
		17DA692524AB083700BC5541 /* ReflectionHelper.swift */ = {isa = PBXFileReference; fileEncoding = 4; lastKnownFileType = sourcecode.swift; path = ReflectionHelper.swift; sourceTree = "<group>"; };
		17DA692624AB083700BC5541 /* ExtendCustomBasicType.swift */ = {isa = PBXFileReference; fileEncoding = 4; lastKnownFileType = sourcecode.swift; path = ExtendCustomBasicType.swift; sourceTree = "<group>"; };
		17DA692724AB083700BC5541 /* CBridge.swift */ = {isa = PBXFileReference; fileEncoding = 4; lastKnownFileType = sourcecode.swift; path = CBridge.swift; sourceTree = "<group>"; };
		17DA692824AB083700BC5541 /* Serializer.swift */ = {isa = PBXFileReference; fileEncoding = 4; lastKnownFileType = sourcecode.swift; path = Serializer.swift; sourceTree = "<group>"; };
		17DA695224AB095D00BC5541 /* Response+ObjectMapper.swift */ = {isa = PBXFileReference; fileEncoding = 4; lastKnownFileType = sourcecode.swift; path = "Response+ObjectMapper.swift"; sourceTree = "<group>"; };
		17DA695424AB096700BC5541 /* Single+ObjectMapper.swift */ = {isa = PBXFileReference; fileEncoding = 4; lastKnownFileType = sourcecode.swift; path = "Single+ObjectMapper.swift"; sourceTree = "<group>"; };
		17DA695524AB096700BC5541 /* ObservableType+ObjectMapper.swift */ = {isa = PBXFileReference; fileEncoding = 4; lastKnownFileType = sourcecode.swift; path = "ObservableType+ObjectMapper.swift"; sourceTree = "<group>"; };
		17DA695824AB0BDA00BC5541 /* NetworkStatusManager.swift */ = {isa = PBXFileReference; lastKnownFileType = sourcecode.swift; path = NetworkStatusManager.swift; sourceTree = "<group>"; };
		17DA695A24AB344300BC5541 /* Device.swift */ = {isa = PBXFileReference; lastKnownFileType = sourcecode.swift; path = Device.swift; sourceTree = "<group>"; };
		17DA695C24AB395300BC5541 /* BridgeHeader.h */ = {isa = PBXFileReference; lastKnownFileType = sourcecode.c.h; path = BridgeHeader.h; sourceTree = "<group>"; };
		17DF8AEC24A8236A0098DCDE /* NetWork.swift */ = {isa = PBXFileReference; lastKnownFileType = sourcecode.swift; path = NetWork.swift; sourceTree = "<group>"; };
		17DF8B0F24A86DCF0098DCDE /* MyServerType.swift */ = {isa = PBXFileReference; lastKnownFileType = sourcecode.swift; path = MyServerType.swift; sourceTree = "<group>"; };
		17DF8B1124A86EAF0098DCDE /* MyServerConfig.swift */ = {isa = PBXFileReference; lastKnownFileType = sourcecode.swift; path = MyServerConfig.swift; sourceTree = "<group>"; };
		17DF8B1324A872CE0098DCDE /* MyServerApi.swift */ = {isa = PBXFileReference; lastKnownFileType = sourcecode.swift; path = MyServerApi.swift; sourceTree = "<group>"; };
		17ECA9A124386CAF00A59C52 /* LYSwiftLearn.app */ = {isa = PBXFileReference; explicitFileType = wrapper.application; includeInIndex = 0; path = LYSwiftLearn.app; sourceTree = BUILT_PRODUCTS_DIR; };
		17ECA9A424386CAF00A59C52 /* AppDelegate.swift */ = {isa = PBXFileReference; lastKnownFileType = sourcecode.swift; path = AppDelegate.swift; sourceTree = "<group>"; };
		17ECA9AD24386CB200A59C52 /* Assets.xcassets */ = {isa = PBXFileReference; lastKnownFileType = folder.assetcatalog; path = Assets.xcassets; sourceTree = "<group>"; };
		17ECA9B024386CB200A59C52 /* Base */ = {isa = PBXFileReference; lastKnownFileType = file.storyboard; name = Base; path = Base.lproj/LaunchScreen.storyboard; sourceTree = "<group>"; };
		17ECA9B224386CB200A59C52 /* Info.plist */ = {isa = PBXFileReference; lastKnownFileType = text.plist.xml; path = Info.plist; sourceTree = "<group>"; };
		17ECA9B724386CB300A59C52 /* LYSwiftLearnTests.xctest */ = {isa = PBXFileReference; explicitFileType = wrapper.cfbundle; includeInIndex = 0; path = LYSwiftLearnTests.xctest; sourceTree = BUILT_PRODUCTS_DIR; };
		17ECA9BB24386CB300A59C52 /* LYSwiftLearnTests.swift */ = {isa = PBXFileReference; lastKnownFileType = sourcecode.swift; path = LYSwiftLearnTests.swift; sourceTree = "<group>"; };
		17ECA9BD24386CB300A59C52 /* Info.plist */ = {isa = PBXFileReference; lastKnownFileType = text.plist.xml; path = Info.plist; sourceTree = "<group>"; };
		17ECA9C224386CB300A59C52 /* LYSwiftLearnUITests.xctest */ = {isa = PBXFileReference; explicitFileType = wrapper.cfbundle; includeInIndex = 0; path = LYSwiftLearnUITests.xctest; sourceTree = BUILT_PRODUCTS_DIR; };
		17ECA9C624386CB300A59C52 /* LYSwiftLearnUITests.swift */ = {isa = PBXFileReference; lastKnownFileType = sourcecode.swift; path = LYSwiftLearnUITests.swift; sourceTree = "<group>"; };
		17ECA9C824386CB300A59C52 /* Info.plist */ = {isa = PBXFileReference; lastKnownFileType = text.plist.xml; path = Info.plist; sourceTree = "<group>"; };
		17FDF4ED248E176E00642055 /* zh-Hans */ = {isa = PBXFileReference; lastKnownFileType = text.plist.strings; name = "zh-Hans"; path = "zh-Hans.lproj/LaunchScreen.strings"; sourceTree = "<group>"; };
		17FDF4F1248E181300642055 /* zh-Hans */ = {isa = PBXFileReference; lastKnownFileType = text.plist.strings; name = "zh-Hans"; path = "zh-Hans.lproj/Localizable.strings"; sourceTree = "<group>"; };
		17FDF4F3248E181700642055 /* en */ = {isa = PBXFileReference; lastKnownFileType = text.plist.strings; name = en; path = en.lproj/Localizable.strings; sourceTree = "<group>"; };
		4C26F3EB29A552D28FA013C5 /* Pods-LYSwiftLearn.release.xcconfig */ = {isa = PBXFileReference; includeInIndex = 1; lastKnownFileType = text.xcconfig; name = "Pods-LYSwiftLearn.release.xcconfig"; path = "Target Support Files/Pods-LYSwiftLearn/Pods-LYSwiftLearn.release.xcconfig"; sourceTree = "<group>"; };
		586CEB84E9BCFB9E9EB90AC7 /* Pods-LYSwiftLearnTests.release.xcconfig */ = {isa = PBXFileReference; includeInIndex = 1; lastKnownFileType = text.xcconfig; name = "Pods-LYSwiftLearnTests.release.xcconfig"; path = "Target Support Files/Pods-LYSwiftLearnTests/Pods-LYSwiftLearnTests.release.xcconfig"; sourceTree = "<group>"; };
		6709863E3D36FC744B8CEC0C /* Pods-LYSwiftLearnTests.debug.xcconfig */ = {isa = PBXFileReference; includeInIndex = 1; lastKnownFileType = text.xcconfig; name = "Pods-LYSwiftLearnTests.debug.xcconfig"; path = "Target Support Files/Pods-LYSwiftLearnTests/Pods-LYSwiftLearnTests.debug.xcconfig"; sourceTree = "<group>"; };
		68AFFACB731FCD4515C0D728 /* Pods_LYSwiftLearnTests.framework */ = {isa = PBXFileReference; explicitFileType = wrapper.framework; includeInIndex = 0; path = Pods_LYSwiftLearnTests.framework; sourceTree = BUILT_PRODUCTS_DIR; };
		6C4AFCCDD32E0D63E3C786B4 /* Pods_LYSwiftLearn.framework */ = {isa = PBXFileReference; explicitFileType = wrapper.framework; includeInIndex = 0; path = Pods_LYSwiftLearn.framework; sourceTree = BUILT_PRODUCTS_DIR; };
		955C24D8B318C8FF9D4AB19F /* Pods-LYSwiftLearnUITests.release.xcconfig */ = {isa = PBXFileReference; includeInIndex = 1; lastKnownFileType = text.xcconfig; name = "Pods-LYSwiftLearnUITests.release.xcconfig"; path = "Target Support Files/Pods-LYSwiftLearnUITests/Pods-LYSwiftLearnUITests.release.xcconfig"; sourceTree = "<group>"; };
		A0296262371D82990B07CAA3 /* Pods-LYSwiftLearn.debug.xcconfig */ = {isa = PBXFileReference; includeInIndex = 1; lastKnownFileType = text.xcconfig; name = "Pods-LYSwiftLearn.debug.xcconfig"; path = "Target Support Files/Pods-LYSwiftLearn/Pods-LYSwiftLearn.debug.xcconfig"; sourceTree = "<group>"; };
		C8BE5C68B9E051F3EB385CDB /* Pods_LYSwiftLearnUITests.framework */ = {isa = PBXFileReference; explicitFileType = wrapper.framework; includeInIndex = 0; path = Pods_LYSwiftLearnUITests.framework; sourceTree = BUILT_PRODUCTS_DIR; };
/* End PBXFileReference section */

/* Begin PBXFrameworksBuildPhase section */
		17ECA99E24386CAF00A59C52 /* Frameworks */ = {
			isa = PBXFrameworksBuildPhase;
			buildActionMask = 2147483647;
			files = (
				17CDEE0424911F6E0052928B /* pop.framework in Frameworks */,
				2721E0A6B56CB8C92C368E8A /* Pods_LYSwiftLearn.framework in Frameworks */,
			);
			runOnlyForDeploymentPostprocessing = 0;
		};
		17ECA9B424386CB300A59C52 /* Frameworks */ = {
			isa = PBXFrameworksBuildPhase;
			buildActionMask = 2147483647;
			files = (
				5CFDD56AAACB60DE5E098F2E /* Pods_LYSwiftLearnTests.framework in Frameworks */,
			);
			runOnlyForDeploymentPostprocessing = 0;
		};
		17ECA9BF24386CB300A59C52 /* Frameworks */ = {
			isa = PBXFrameworksBuildPhase;
			buildActionMask = 2147483647;
			files = (
				B277E0E6B45B1A95C6AEFC63 /* Pods_LYSwiftLearnUITests.framework in Frameworks */,
			);
			runOnlyForDeploymentPostprocessing = 0;
		};
/* End PBXFrameworksBuildPhase section */

/* Begin PBXGroup section */
		1717AA3F249A040A000851B6 /* Module */ = {
			isa = PBXGroup;
			children = (
				1799FD9A24ECB4C800DA1402 /* Login */,
				1717AA44249A047B000851B6 /* Me */,
				1717AA43249A0453000851B6 /* Integral */,
				1717AA42249A044B000851B6 /* Database */,
				1717AA41249A043D000851B6 /* News */,
				1717AA40249A0433000851B6 /* Home */,
			);
			path = Module;
			sourceTree = "<group>";
		};
		1717AA40249A0433000851B6 /* Home */ = {
			isa = PBXGroup;
			children = (
				1717AA45249A05BE000851B6 /* HomeViewController.swift */,
			);
			path = Home;
			sourceTree = "<group>";
		};
		1717AA41249A043D000851B6 /* News */ = {
			isa = PBXGroup;
			children = (
				1717AA47249A05CD000851B6 /* NewsViewController.swift */,
			);
			path = News;
			sourceTree = "<group>";
		};
		1717AA42249A044B000851B6 /* Database */ = {
			isa = PBXGroup;
			children = (
				1717AA49249A05DA000851B6 /* DataBaseViewController.swift */,
			);
			path = Database;
			sourceTree = "<group>";
		};
		1717AA43249A0453000851B6 /* Integral */ = {
			isa = PBXGroup;
			children = (
				1717AA4B249A05E7000851B6 /* IntegralViewController.swift */,
			);
			path = Integral;
			sourceTree = "<group>";
		};
		1717AA44249A047B000851B6 /* Me */ = {
			isa = PBXGroup;
			children = (
				1717AA4D249A05F3000851B6 /* MeViewController.swift */,
			);
			path = Me;
			sourceTree = "<group>";
		};
		175E95A024A1F33000F6BC67 /* NetWork */ = {
			isa = PBXGroup;
			children = (
				175E95A124A1F41B00F6BC67 /* LYApi.swift */,
				17DF8AEC24A8236A0098DCDE /* NetWork.swift */,
				17DF8B0F24A86DCF0098DCDE /* MyServerType.swift */,
				17DF8B1124A86EAF0098DCDE /* MyServerConfig.swift */,
				17DF8B1324A872CE0098DCDE /* MyServerApi.swift */,
				1717D8E924A9C2B70096C1D1 /* Route.swift */,
				17DA695824AB0BDA00BC5541 /* NetworkStatusManager.swift */,
				17DA695A24AB344300BC5541 /* Device.swift */,
				1773342224AC5A070086303C /* Model.swift */,
			);
			path = NetWork;
			sourceTree = "<group>";
		};
		1760FC3724BD3A8200B8CF46 /* RxActivityIndicator */ = {
			isa = PBXGroup;
			children = (
				1760FC3824BD3A8200B8CF46 /* ActivityIndicator.swift */,
			);
			path = RxActivityIndicator;
			sourceTree = "<group>";
		};
		1799FD9A24ECB4C800DA1402 /* Login */ = {
			isa = PBXGroup;
			children = (
				1799FD9D24ED0E1E00DA1402 /* LoginViewController.swift */,
				1799FD9E24ED0E1E00DA1402 /* LoginViewController.xib */,
				1799FDA324ED1A9600DA1402 /* LoginViewModel.swift */,
			);
			path = Login;
			sourceTree = "<group>";
		};
		17A2320124A2F0B600D1BE34 /* RxMoya */ = {
			isa = PBXGroup;
			children = (
				17A2320224A2F0B600D1BE34 /* Observable+Response.swift */,
				17A2320324A2F0B600D1BE34 /* MoyaProvider+Rx.swift */,
				17A2320424A2F0B600D1BE34 /* Single+Response.swift */,
			);
			path = RxMoya;
			sourceTree = "<group>";
		};
		17B16A9A24906DC200E259F1 /* Resource */ = {
			isa = PBXGroup;
			children = (
				17B16A9B24906DF100E259F1 /* R.generated.swift */,
			);
			name = Resource;
			sourceTree = "<group>";
		};
		17B16A9D2490A8E700E259F1 /* Base */ = {
			isa = PBXGroup;
			children = (
				17B16A9E2490A92100E259F1 /* BaseViewController.swift */,
				17B16AA02490A95B00E259F1 /* BaseNavgationController.swift */,
				1799FDA124ED16A700DA1402 /* ViewModel.swift */,
			);
			path = Base;
			sourceTree = "<group>";
		};
		17B16AA22490DE7F00E259F1 /* Main */ = {
			isa = PBXGroup;
			children = (
				17B16AA52490E41900E259F1 /* Content */,
				17B16AA32490E21F00E259F1 /* TabBarController.swift */,
			);
			path = Main;
			sourceTree = "<group>";
		};
		17B16AA52490E41900E259F1 /* Content */ = {
			isa = PBXGroup;
			children = (
				172670742491EEB8000387FA /* TabbarItemContentView.swift */,
			);
			path = Content;
			sourceTree = "<group>";
		};
		17CDEE0124911EAD0052928B /* Framework */ = {
			isa = PBXGroup;
			children = (
				1760FC3724BD3A8200B8CF46 /* RxActivityIndicator */,
				17DA68FF24AB081000BC5541 /* HandyJSON */,
				17DA68F824AAE28400BC5541 /* ObjectMapper-rx */,
				17A2320124A2F0B600D1BE34 /* RxMoya */,
				17CDEE0224911EAD0052928B /* pop.framework */,
			);
			path = Framework;
			sourceTree = "<group>";
		};
		17D89697244C855D00B0E68A /* PlayGround */ = {
			isa = PBXGroup;
			children = (
				17D89698244C859400B0E68A /* MyPlayground.playground */,
			);
			path = PlayGround;
			sourceTree = "<group>";
		};
		17DA68F824AAE28400BC5541 /* ObjectMapper-rx */ = {
			isa = PBXGroup;
			children = (
				17DA695524AB096700BC5541 /* ObservableType+ObjectMapper.swift */,
				17DA695424AB096700BC5541 /* Single+ObjectMapper.swift */,
				17DA695224AB095D00BC5541 /* Response+ObjectMapper.swift */,
			);
			path = "ObjectMapper-rx";
			sourceTree = "<group>";
		};
		17DA68FF24AB081000BC5541 /* HandyJSON */ = {
			isa = PBXGroup;
			children = (
				17DA690424AB083400BC5541 /* AnyExtensions.swift */,
				17DA690A24AB083500BC5541 /* BuiltInBasicType.swift */,
				17DA690224AB083400BC5541 /* BuiltInBridgeType.swift */,
				17DA692724AB083700BC5541 /* CBridge.swift */,
				17DA690124AB083400BC5541 /* Configuration.swift */,
				17DA691124AB083500BC5541 /* ContextDescriptorType.swift */,
				17DA690C24AB083500BC5541 /* CustomDateFormatTransform.swift */,
				17DA691F24AB083600BC5541 /* DataTransform.swift */,
				17DA691D24AB083600BC5541 /* DateFormatterTransform.swift */,
				17DA691224AB083500BC5541 /* DateTransform.swift */,
				17DA690E24AB083500BC5541 /* Deserializer.swift */,
				17DA690624AB083400BC5541 /* EnumTransform.swift */,
				17DA690F24AB083500BC5541 /* EnumType.swift */,
				17DA690824AB083500BC5541 /* Export.swift */,
				17DA692624AB083700BC5541 /* ExtendCustomBasicType.swift */,
				17DA690D24AB083500BC5541 /* ExtendCustomModelType.swift */,
				17DA692324AB083700BC5541 /* FieldDescriptor.swift */,
				17DA692424AB083700BC5541 /* HandyJSON.h */,
				17DA691824AB083600BC5541 /* HelpingMapper.swift */,
				17DA690524AB083400BC5541 /* HexColorTransform.swift */,
				17DA691024AB083500BC5541 /* ISO8601DateTransform.swift */,
				17DA691B24AB083600BC5541 /* LICENSE */,
				17DA690B24AB083500BC5541 /* Logger.swift */,
				17DA691324AB083500BC5541 /* MangledName.swift */,
				17DA691724AB083600BC5541 /* Measuable.swift */,
				17DA691C24AB083600BC5541 /* Metadata.swift */,
				17DA690724AB083500BC5541 /* NSDecimalNumberTransform.swift */,
				17DA692024AB083700BC5541 /* OtherExtension.swift */,
				17DA692224AB083700BC5541 /* PointerType.swift */,
				17DA691A24AB083600BC5541 /* Properties.swift */,
				17DA690024AB083400BC5541 /* PropertyInfo.swift */,
				17DA692524AB083700BC5541 /* ReflectionHelper.swift */,
				17DA692824AB083700BC5541 /* Serializer.swift */,
				17DA691424AB083600BC5541 /* Transformable.swift */,
				17DA691E24AB083600BC5541 /* TransformOf.swift */,
				17DA691524AB083600BC5541 /* TransformType.swift */,
				17DA690924AB083500BC5541 /* URLTransform.swift */,
			);
			path = HandyJSON;
			sourceTree = "<group>";
		};
		17ECA99824386CAF00A59C52 = {
			isa = PBXGroup;
			children = (
				17ECA9A324386CAF00A59C52 /* LYSwiftLearn */,
				17ECA9BA24386CB300A59C52 /* LYSwiftLearnTests */,
				17ECA9C524386CB300A59C52 /* LYSwiftLearnUITests */,
				17ECA9A224386CAF00A59C52 /* Products */,
				D03663A761B87000BA2B4377 /* Pods */,
				347C6B4820B666E4D143040E /* Frameworks */,
			);
			sourceTree = "<group>";
		};
		17ECA9A224386CAF00A59C52 /* Products */ = {
			isa = PBXGroup;
			children = (
				17ECA9A124386CAF00A59C52 /* LYSwiftLearn.app */,
				17ECA9B724386CB300A59C52 /* LYSwiftLearnTests.xctest */,
				17ECA9C224386CB300A59C52 /* LYSwiftLearnUITests.xctest */,
			);
			name = Products;
			sourceTree = "<group>";
		};
		17ECA9A324386CAF00A59C52 /* LYSwiftLearn */ = {
			isa = PBXGroup;
			children = (
				175E95A024A1F33000F6BC67 /* NetWork */,
				1717AA3F249A040A000851B6 /* Module */,
				17CDEE0124911EAD0052928B /* Framework */,
				17B16AA22490DE7F00E259F1 /* Main */,
				17B16A9D2490A8E700E259F1 /* Base */,
				17B16A9A24906DC200E259F1 /* Resource */,
				17D89697244C855D00B0E68A /* PlayGround */,
				17ECA9A424386CAF00A59C52 /* AppDelegate.swift */,
				17ECA9AD24386CB200A59C52 /* Assets.xcassets */,
				17ECA9AF24386CB200A59C52 /* LaunchScreen.storyboard */,
				17ECA9B224386CB200A59C52 /* Info.plist */,
				17FDF4F2248E181300642055 /* Localizable.strings */,
				177685DF249CF48D00F3B1E0 /* Constant.swift */,
				17DA695C24AB395300BC5541 /* BridgeHeader.h */,
				176A0C9B24EE5AB5007857DE /* Navigator.swift */,
			);
			path = LYSwiftLearn;
			sourceTree = "<group>";
		};
		17ECA9BA24386CB300A59C52 /* LYSwiftLearnTests */ = {
			isa = PBXGroup;
			children = (
				17ECA9BB24386CB300A59C52 /* LYSwiftLearnTests.swift */,
				17ECA9BD24386CB300A59C52 /* Info.plist */,
			);
			path = LYSwiftLearnTests;
			sourceTree = "<group>";
		};
		17ECA9C524386CB300A59C52 /* LYSwiftLearnUITests */ = {
			isa = PBXGroup;
			children = (
				17ECA9C624386CB300A59C52 /* LYSwiftLearnUITests.swift */,
				17ECA9C824386CB300A59C52 /* Info.plist */,
			);
			path = LYSwiftLearnUITests;
			sourceTree = "<group>";
		};
		347C6B4820B666E4D143040E /* Frameworks */ = {
			isa = PBXGroup;
			children = (
				6C4AFCCDD32E0D63E3C786B4 /* Pods_LYSwiftLearn.framework */,
				68AFFACB731FCD4515C0D728 /* Pods_LYSwiftLearnTests.framework */,
				C8BE5C68B9E051F3EB385CDB /* Pods_LYSwiftLearnUITests.framework */,
			);
			name = Frameworks;
			sourceTree = "<group>";
		};
		D03663A761B87000BA2B4377 /* Pods */ = {
			isa = PBXGroup;
			children = (
				A0296262371D82990B07CAA3 /* Pods-LYSwiftLearn.debug.xcconfig */,
				4C26F3EB29A552D28FA013C5 /* Pods-LYSwiftLearn.release.xcconfig */,
				6709863E3D36FC744B8CEC0C /* Pods-LYSwiftLearnTests.debug.xcconfig */,
				586CEB84E9BCFB9E9EB90AC7 /* Pods-LYSwiftLearnTests.release.xcconfig */,
				0E5B2C1B4DC088ABCB31A129 /* Pods-LYSwiftLearnUITests.debug.xcconfig */,
				955C24D8B318C8FF9D4AB19F /* Pods-LYSwiftLearnUITests.release.xcconfig */,
			);
			path = Pods;
			sourceTree = "<group>";
		};
/* End PBXGroup section */

/* Begin PBXHeadersBuildPhase section */
		17DA68F624AAD80F00BC5541 /* Headers */ = {
			isa = PBXHeadersBuildPhase;
			buildActionMask = 2147483647;
			files = (
				17DA695D24AB395300BC5541 /* BridgeHeader.h in Headers */,
				17DA694D24AB083700BC5541 /* HandyJSON.h in Headers */,
			);
			runOnlyForDeploymentPostprocessing = 0;
		};
/* End PBXHeadersBuildPhase section */

/* Begin PBXNativeTarget section */
		17ECA9A024386CAF00A59C52 /* LYSwiftLearn */ = {
			isa = PBXNativeTarget;
			buildConfigurationList = 17ECA9CB24386CB300A59C52 /* Build configuration list for PBXNativeTarget "LYSwiftLearn" */;
			buildPhases = (
				67F889C34E03F1C76059361D /* [CP] Check Pods Manifest.lock */,
				17B16A9924906D0A00E259F1 /* ShellScript */,
				17DA68F624AAD80F00BC5541 /* Headers */,
				17ECA99D24386CAF00A59C52 /* Sources */,
				17ECA99E24386CAF00A59C52 /* Frameworks */,
				17ECA99F24386CAF00A59C52 /* Resources */,
				DCF8AE407B1DDE88A83EE506 /* [CP] Embed Pods Frameworks */,
				17CDEE0624911F6F0052928B /* Embed Frameworks */,
			);
			buildRules = (
			);
			dependencies = (
			);
			name = LYSwiftLearn;
			productName = LYSwiftLearn;
			productReference = 17ECA9A124386CAF00A59C52 /* LYSwiftLearn.app */;
			productType = "com.apple.product-type.application";
		};
		17ECA9B624386CB300A59C52 /* LYSwiftLearnTests */ = {
			isa = PBXNativeTarget;
			buildConfigurationList = 17ECA9CE24386CB300A59C52 /* Build configuration list for PBXNativeTarget "LYSwiftLearnTests" */;
			buildPhases = (
				36CBF9E9F45AD7DE9C1EBBD9 /* [CP] Check Pods Manifest.lock */,
				17ECA9B324386CB300A59C52 /* Sources */,
				17ECA9B424386CB300A59C52 /* Frameworks */,
				17ECA9B524386CB300A59C52 /* Resources */,
				AF339335A3B3760D58E6640E /* [CP] Embed Pods Frameworks */,
			);
			buildRules = (
			);
			dependencies = (
				17ECA9B924386CB300A59C52 /* PBXTargetDependency */,
			);
			name = LYSwiftLearnTests;
			productName = LYSwiftLearnTests;
			productReference = 17ECA9B724386CB300A59C52 /* LYSwiftLearnTests.xctest */;
			productType = "com.apple.product-type.bundle.unit-test";
		};
		17ECA9C124386CB300A59C52 /* LYSwiftLearnUITests */ = {
			isa = PBXNativeTarget;
			buildConfigurationList = 17ECA9D124386CB300A59C52 /* Build configuration list for PBXNativeTarget "LYSwiftLearnUITests" */;
			buildPhases = (
				6015CE3159C5AE3EE4A74D9B /* [CP] Check Pods Manifest.lock */,
				17ECA9BE24386CB300A59C52 /* Sources */,
				17ECA9BF24386CB300A59C52 /* Frameworks */,
				17ECA9C024386CB300A59C52 /* Resources */,
			);
			buildRules = (
			);
			dependencies = (
				17ECA9C424386CB300A59C52 /* PBXTargetDependency */,
			);
			name = LYSwiftLearnUITests;
			productName = LYSwiftLearnUITests;
			productReference = 17ECA9C224386CB300A59C52 /* LYSwiftLearnUITests.xctest */;
			productType = "com.apple.product-type.bundle.ui-testing";
		};
/* End PBXNativeTarget section */

/* Begin PBXProject section */
		17ECA99924386CAF00A59C52 /* Project object */ = {
			isa = PBXProject;
			attributes = {
				LastSwiftUpdateCheck = 1130;
				LastUpgradeCheck = 1130;
				ORGANIZATIONNAME = liuyu;
				TargetAttributes = {
					17ECA9A024386CAF00A59C52 = {
						CreatedOnToolsVersion = 11.3.1;
					};
					17ECA9B624386CB300A59C52 = {
						CreatedOnToolsVersion = 11.3.1;
						TestTargetID = 17ECA9A024386CAF00A59C52;
					};
					17ECA9C124386CB300A59C52 = {
						CreatedOnToolsVersion = 11.3.1;
						TestTargetID = 17ECA9A024386CAF00A59C52;
					};
				};
			};
			buildConfigurationList = 17ECA99C24386CAF00A59C52 /* Build configuration list for PBXProject "LYSwiftLearn" */;
			compatibilityVersion = "Xcode 9.3";
			developmentRegion = en;
			hasScannedForEncodings = 0;
			knownRegions = (
				en,
				Base,
				"zh-Hans",
			);
			mainGroup = 17ECA99824386CAF00A59C52;
			productRefGroup = 17ECA9A224386CAF00A59C52 /* Products */;
			projectDirPath = "";
			projectRoot = "";
			targets = (
				17ECA9A024386CAF00A59C52 /* LYSwiftLearn */,
				17ECA9B624386CB300A59C52 /* LYSwiftLearnTests */,
				17ECA9C124386CB300A59C52 /* LYSwiftLearnUITests */,
			);
		};
/* End PBXProject section */

/* Begin PBXResourcesBuildPhase section */
		17ECA99F24386CAF00A59C52 /* Resources */ = {
			isa = PBXResourcesBuildPhase;
			buildActionMask = 2147483647;
			files = (
				1799FDA024ED0E1E00DA1402 /* LoginViewController.xib in Resources */,
				17ECA9B124386CB200A59C52 /* LaunchScreen.storyboard in Resources */,
				17DA694424AB083700BC5541 /* LICENSE in Resources */,
				17FDF4F0248E181300642055 /* Localizable.strings in Resources */,
				17ECA9AE24386CB200A59C52 /* Assets.xcassets in Resources */,
			);
			runOnlyForDeploymentPostprocessing = 0;
		};
		17ECA9B524386CB300A59C52 /* Resources */ = {
			isa = PBXResourcesBuildPhase;
			buildActionMask = 2147483647;
			files = (
			);
			runOnlyForDeploymentPostprocessing = 0;
		};
		17ECA9C024386CB300A59C52 /* Resources */ = {
			isa = PBXResourcesBuildPhase;
			buildActionMask = 2147483647;
			files = (
			);
			runOnlyForDeploymentPostprocessing = 0;
		};
/* End PBXResourcesBuildPhase section */

/* Begin PBXShellScriptBuildPhase section */
		17B16A9924906D0A00E259F1 /* ShellScript */ = {
			isa = PBXShellScriptBuildPhase;
			buildActionMask = 2147483647;
			files = (
			);
			inputFileListPaths = (
			);
			inputPaths = (
				"$TEMP_DIR/rswift-lastrun",
			);
			outputFileListPaths = (
			);
			outputPaths = (
				$SRCROOT/R.generated.swift,
			);
			runOnlyForDeploymentPostprocessing = 0;
			shellPath = /bin/sh;
			shellScript = "# Type a script or drag a script file from your workspace to insert its path.\n\"$PODS_ROOT/R.swift/rswift\" generate \"$SRCROOT/R.generated.swift\"\n";
		};
		36CBF9E9F45AD7DE9C1EBBD9 /* [CP] Check Pods Manifest.lock */ = {
			isa = PBXShellScriptBuildPhase;
			buildActionMask = 2147483647;
			files = (
			);
			inputFileListPaths = (
			);
			inputPaths = (
				"${PODS_PODFILE_DIR_PATH}/Podfile.lock",
				"${PODS_ROOT}/Manifest.lock",
			);
			name = "[CP] Check Pods Manifest.lock";
			outputFileListPaths = (
			);
			outputPaths = (
				"$(DERIVED_FILE_DIR)/Pods-LYSwiftLearnTests-checkManifestLockResult.txt",
			);
			runOnlyForDeploymentPostprocessing = 0;
			shellPath = /bin/sh;
			shellScript = "diff \"${PODS_PODFILE_DIR_PATH}/Podfile.lock\" \"${PODS_ROOT}/Manifest.lock\" > /dev/null\nif [ $? != 0 ] ; then\n    # print error to STDERR\n    echo \"error: The sandbox is not in sync with the Podfile.lock. Run 'pod install' or update your CocoaPods installation.\" >&2\n    exit 1\nfi\n# This output is used by Xcode 'outputs' to avoid re-running this script phase.\necho \"SUCCESS\" > \"${SCRIPT_OUTPUT_FILE_0}\"\n";
			showEnvVarsInLog = 0;
		};
		6015CE3159C5AE3EE4A74D9B /* [CP] Check Pods Manifest.lock */ = {
			isa = PBXShellScriptBuildPhase;
			buildActionMask = 2147483647;
			files = (
			);
			inputFileListPaths = (
			);
			inputPaths = (
				"${PODS_PODFILE_DIR_PATH}/Podfile.lock",
				"${PODS_ROOT}/Manifest.lock",
			);
			name = "[CP] Check Pods Manifest.lock";
			outputFileListPaths = (
			);
			outputPaths = (
				"$(DERIVED_FILE_DIR)/Pods-LYSwiftLearnUITests-checkManifestLockResult.txt",
			);
			runOnlyForDeploymentPostprocessing = 0;
			shellPath = /bin/sh;
			shellScript = "diff \"${PODS_PODFILE_DIR_PATH}/Podfile.lock\" \"${PODS_ROOT}/Manifest.lock\" > /dev/null\nif [ $? != 0 ] ; then\n    # print error to STDERR\n    echo \"error: The sandbox is not in sync with the Podfile.lock. Run 'pod install' or update your CocoaPods installation.\" >&2\n    exit 1\nfi\n# This output is used by Xcode 'outputs' to avoid re-running this script phase.\necho \"SUCCESS\" > \"${SCRIPT_OUTPUT_FILE_0}\"\n";
			showEnvVarsInLog = 0;
		};
		67F889C34E03F1C76059361D /* [CP] Check Pods Manifest.lock */ = {
			isa = PBXShellScriptBuildPhase;
			buildActionMask = 2147483647;
			files = (
			);
			inputFileListPaths = (
			);
			inputPaths = (
				"${PODS_PODFILE_DIR_PATH}/Podfile.lock",
				"${PODS_ROOT}/Manifest.lock",
			);
			name = "[CP] Check Pods Manifest.lock";
			outputFileListPaths = (
			);
			outputPaths = (
				"$(DERIVED_FILE_DIR)/Pods-LYSwiftLearn-checkManifestLockResult.txt",
			);
			runOnlyForDeploymentPostprocessing = 0;
			shellPath = /bin/sh;
			shellScript = "diff \"${PODS_PODFILE_DIR_PATH}/Podfile.lock\" \"${PODS_ROOT}/Manifest.lock\" > /dev/null\nif [ $? != 0 ] ; then\n    # print error to STDERR\n    echo \"error: The sandbox is not in sync with the Podfile.lock. Run 'pod install' or update your CocoaPods installation.\" >&2\n    exit 1\nfi\n# This output is used by Xcode 'outputs' to avoid re-running this script phase.\necho \"SUCCESS\" > \"${SCRIPT_OUTPUT_FILE_0}\"\n";
			showEnvVarsInLog = 0;
		};
		AF339335A3B3760D58E6640E /* [CP] Embed Pods Frameworks */ = {
			isa = PBXShellScriptBuildPhase;
			buildActionMask = 2147483647;
			files = (
			);
			inputFileListPaths = (
				"${PODS_ROOT}/Target Support Files/Pods-LYSwiftLearnTests/Pods-LYSwiftLearnTests-frameworks-${CONFIGURATION}-input-files.xcfilelist",
			);
			name = "[CP] Embed Pods Frameworks";
			outputFileListPaths = (
				"${PODS_ROOT}/Target Support Files/Pods-LYSwiftLearnTests/Pods-LYSwiftLearnTests-frameworks-${CONFIGURATION}-output-files.xcfilelist",
			);
			runOnlyForDeploymentPostprocessing = 0;
			shellPath = /bin/sh;
			shellScript = "\"${PODS_ROOT}/Target Support Files/Pods-LYSwiftLearnTests/Pods-LYSwiftLearnTests-frameworks.sh\"\n";
			showEnvVarsInLog = 0;
		};
		DCF8AE407B1DDE88A83EE506 /* [CP] Embed Pods Frameworks */ = {
			isa = PBXShellScriptBuildPhase;
			buildActionMask = 2147483647;
			files = (
			);
			inputFileListPaths = (
				"${PODS_ROOT}/Target Support Files/Pods-LYSwiftLearn/Pods-LYSwiftLearn-frameworks-${CONFIGURATION}-input-files.xcfilelist",
			);
			name = "[CP] Embed Pods Frameworks";
			outputFileListPaths = (
				"${PODS_ROOT}/Target Support Files/Pods-LYSwiftLearn/Pods-LYSwiftLearn-frameworks-${CONFIGURATION}-output-files.xcfilelist",
			);
			runOnlyForDeploymentPostprocessing = 0;
			shellPath = /bin/sh;
			shellScript = "\"${PODS_ROOT}/Target Support Files/Pods-LYSwiftLearn/Pods-LYSwiftLearn-frameworks.sh\"\n";
			showEnvVarsInLog = 0;
		};
/* End PBXShellScriptBuildPhase section */

/* Begin PBXSourcesBuildPhase section */
		17ECA99D24386CAF00A59C52 /* Sources */ = {
			isa = PBXSourcesBuildPhase;
			buildActionMask = 2147483647;
			files = (
				17DA695B24AB344300BC5541 /* Device.swift in Sources */,
				176A0C9C24EE5AB5007857DE /* Navigator.swift in Sources */,
				17DA693724AB083700BC5541 /* Deserializer.swift in Sources */,
				1799FDA424ED1A9600DA1402 /* LoginViewModel.swift in Sources */,
				17B16A9F2490A92100E259F1 /* BaseViewController.swift in Sources */,
				17ECA9A524386CAF00A59C52 /* AppDelegate.swift in Sources */,
				17DA695024AB083700BC5541 /* CBridge.swift in Sources */,
				1717AA4C249A05E8000851B6 /* IntegralViewController.swift in Sources */,
				1717AA4A249A05DA000851B6 /* DataBaseViewController.swift in Sources */,
				17DA693C24AB083700BC5541 /* MangledName.swift in Sources */,
				175E95A224A1F41B00F6BC67 /* LYApi.swift in Sources */,
				17A2320524A2F0B600D1BE34 /* Observable+Response.swift in Sources */,
				1717AA46249A05BE000851B6 /* HomeViewController.swift in Sources */,
				17DA693A24AB083700BC5541 /* ContextDescriptorType.swift in Sources */,
				17DA695624AB096700BC5541 /* Single+ObjectMapper.swift in Sources */,
				17DA695324AB095D00BC5541 /* Response+ObjectMapper.swift in Sources */,
				17DA693E24AB083700BC5541 /* TransformType.swift in Sources */,
				17DA693824AB083700BC5541 /* EnumType.swift in Sources */,
				17DA694024AB083700BC5541 /* Measuable.swift in Sources */,
				17DA693424AB083700BC5541 /* Logger.swift in Sources */,
				17DA692D24AB083700BC5541 /* AnyExtensions.swift in Sources */,
				17DF8B1424A872CE0098DCDE /* MyServerApi.swift in Sources */,
				17DA693924AB083700BC5541 /* ISO8601DateTransform.swift in Sources */,
				17DA692B24AB083700BC5541 /* BuiltInBridgeType.swift in Sources */,
				17DA694524AB083700BC5541 /* Metadata.swift in Sources */,
				17DA694324AB083700BC5541 /* Properties.swift in Sources */,
				17DA693124AB083700BC5541 /* Export.swift in Sources */,
				1760FC3924BD3A8200B8CF46 /* ActivityIndicator.swift in Sources */,
				1717AA4E249A05F3000851B6 /* MeViewController.swift in Sources */,
				17B16AA42490E21F00E259F1 /* TabBarController.swift in Sources */,
				17DA694C24AB083700BC5541 /* FieldDescriptor.swift in Sources */,
				17DF8B1224A86EAF0098DCDE /* MyServerConfig.swift in Sources */,
				17B16AA12490A95B00E259F1 /* BaseNavgationController.swift in Sources */,
				1717D8EA24A9C2B70096C1D1 /* Route.swift in Sources */,
				1717AA48249A05CD000851B6 /* NewsViewController.swift in Sources */,
				172670752491EEB8000387FA /* TabbarItemContentView.swift in Sources */,
				17DF8B1024A86DCF0098DCDE /* MyServerType.swift in Sources */,
				17DA694824AB083700BC5541 /* DataTransform.swift in Sources */,
				17DF8AED24A8236A0098DCDE /* NetWork.swift in Sources */,
				17DA693D24AB083700BC5541 /* Transformable.swift in Sources */,
				17DA693224AB083700BC5541 /* URLTransform.swift in Sources */,
				17A2320724A2F0B600D1BE34 /* Single+Response.swift in Sources */,
				17DA695924AB0BDA00BC5541 /* NetworkStatusManager.swift in Sources */,
				17B16A9C24906DF200E259F1 /* R.generated.swift in Sources */,
				17DA693524AB083700BC5541 /* CustomDateFormatTransform.swift in Sources */,
				17A2320624A2F0B600D1BE34 /* MoyaProvider+Rx.swift in Sources */,
				1799FD9F24ED0E1E00DA1402 /* LoginViewController.swift in Sources */,
				1799FDA224ED16A700DA1402 /* ViewModel.swift in Sources */,
				17DA695724AB096700BC5541 /* ObservableType+ObjectMapper.swift in Sources */,
				17DA694124AB083700BC5541 /* HelpingMapper.swift in Sources */,
				17DA694F24AB083700BC5541 /* ExtendCustomBasicType.swift in Sources */,
				17DA694924AB083700BC5541 /* OtherExtension.swift in Sources */,
				1773342324AC5A070086303C /* Model.swift in Sources */,
				17DA693024AB083700BC5541 /* NSDecimalNumberTransform.swift in Sources */,
				17DA692A24AB083700BC5541 /* Configuration.swift in Sources */,
				17DA693B24AB083700BC5541 /* DateTransform.swift in Sources */,
				17DA695124AB083700BC5541 /* Serializer.swift in Sources */,
				17DA693324AB083700BC5541 /* BuiltInBasicType.swift in Sources */,
				17DA694B24AB083700BC5541 /* PointerType.swift in Sources */,
				17DA694624AB083700BC5541 /* DateFormatterTransform.swift in Sources */,
				17DA692924AB083700BC5541 /* PropertyInfo.swift in Sources */,
				17DA693624AB083700BC5541 /* ExtendCustomModelType.swift in Sources */,
				17DA694E24AB083700BC5541 /* ReflectionHelper.swift in Sources */,
				17DA692F24AB083700BC5541 /* EnumTransform.swift in Sources */,
				17DA694724AB083700BC5541 /* TransformOf.swift in Sources */,
				17DA692E24AB083700BC5541 /* HexColorTransform.swift in Sources */,
				177685E0249CF48D00F3B1E0 /* Constant.swift in Sources */,
			);
			runOnlyForDeploymentPostprocessing = 0;
		};
		17ECA9B324386CB300A59C52 /* Sources */ = {
			isa = PBXSourcesBuildPhase;
			buildActionMask = 2147483647;
			files = (
				17ECA9BC24386CB300A59C52 /* LYSwiftLearnTests.swift in Sources */,
			);
			runOnlyForDeploymentPostprocessing = 0;
		};
		17ECA9BE24386CB300A59C52 /* Sources */ = {
			isa = PBXSourcesBuildPhase;
			buildActionMask = 2147483647;
			files = (
				17ECA9C724386CB300A59C52 /* LYSwiftLearnUITests.swift in Sources */,
			);
			runOnlyForDeploymentPostprocessing = 0;
		};
/* End PBXSourcesBuildPhase section */

/* Begin PBXTargetDependency section */
		17ECA9B924386CB300A59C52 /* PBXTargetDependency */ = {
			isa = PBXTargetDependency;
			target = 17ECA9A024386CAF00A59C52 /* LYSwiftLearn */;
			targetProxy = 17ECA9B824386CB300A59C52 /* PBXContainerItemProxy */;
		};
		17ECA9C424386CB300A59C52 /* PBXTargetDependency */ = {
			isa = PBXTargetDependency;
			target = 17ECA9A024386CAF00A59C52 /* LYSwiftLearn */;
			targetProxy = 17ECA9C324386CB300A59C52 /* PBXContainerItemProxy */;
		};
/* End PBXTargetDependency section */

/* Begin PBXVariantGroup section */
		17ECA9AF24386CB200A59C52 /* LaunchScreen.storyboard */ = {
			isa = PBXVariantGroup;
			children = (
				17ECA9B024386CB200A59C52 /* Base */,
				17FDF4ED248E176E00642055 /* zh-Hans */,
			);
			name = LaunchScreen.storyboard;
			sourceTree = "<group>";
		};
		17FDF4F2248E181300642055 /* Localizable.strings */ = {
			isa = PBXVariantGroup;
			children = (
				17FDF4F1248E181300642055 /* zh-Hans */,
				17FDF4F3248E181700642055 /* en */,
			);
			name = Localizable.strings;
			sourceTree = "<group>";
		};
/* End PBXVariantGroup section */

/* Begin XCBuildConfiguration section */
		17ECA9C924386CB300A59C52 /* Debug */ = {
			isa = XCBuildConfiguration;
			buildSettings = {
				ALWAYS_SEARCH_USER_PATHS = NO;
				CLANG_ANALYZER_LOCALIZABILITY_NONLOCALIZED = YES;
				CLANG_ANALYZER_NONNULL = YES;
				CLANG_ANALYZER_NUMBER_OBJECT_CONVERSION = YES_AGGRESSIVE;
				CLANG_CXX_LANGUAGE_STANDARD = "gnu++14";
				CLANG_CXX_LIBRARY = "libc++";
				CLANG_ENABLE_MODULES = YES;
				CLANG_ENABLE_OBJC_ARC = YES;
				CLANG_ENABLE_OBJC_WEAK = YES;
				CLANG_WARN_BLOCK_CAPTURE_AUTORELEASING = YES;
				CLANG_WARN_BOOL_CONVERSION = YES;
				CLANG_WARN_COMMA = YES;
				CLANG_WARN_CONSTANT_CONVERSION = YES;
				CLANG_WARN_DEPRECATED_OBJC_IMPLEMENTATIONS = YES;
				CLANG_WARN_DIRECT_OBJC_ISA_USAGE = YES_ERROR;
				CLANG_WARN_DOCUMENTATION_COMMENTS = YES;
				CLANG_WARN_EMPTY_BODY = YES;
				CLANG_WARN_ENUM_CONVERSION = YES;
				CLANG_WARN_INFINITE_RECURSION = YES;
				CLANG_WARN_INT_CONVERSION = YES;
				CLANG_WARN_NON_LITERAL_NULL_CONVERSION = YES;
				CLANG_WARN_OBJC_IMPLICIT_RETAIN_SELF = YES;
				CLANG_WARN_OBJC_LITERAL_CONVERSION = YES;
				CLANG_WARN_OBJC_ROOT_CLASS = YES_ERROR;
				CLANG_WARN_RANGE_LOOP_ANALYSIS = YES;
				CLANG_WARN_STRICT_PROTOTYPES = YES;
				CLANG_WARN_SUSPICIOUS_MOVE = YES;
				CLANG_WARN_UNGUARDED_AVAILABILITY = YES_AGGRESSIVE;
				CLANG_WARN_UNREACHABLE_CODE = YES;
				CLANG_WARN__DUPLICATE_METHOD_MATCH = YES;
				COPY_PHASE_STRIP = NO;
				DEBUG_INFORMATION_FORMAT = dwarf;
				ENABLE_STRICT_OBJC_MSGSEND = YES;
				ENABLE_TESTABILITY = YES;
				GCC_C_LANGUAGE_STANDARD = gnu11;
				GCC_DYNAMIC_NO_PIC = NO;
				GCC_NO_COMMON_BLOCKS = YES;
				GCC_OPTIMIZATION_LEVEL = 0;
				GCC_PREPROCESSOR_DEFINITIONS = (
					"DEBUG=1",
					"$(inherited)",
				);
				GCC_WARN_64_TO_32_BIT_CONVERSION = YES;
				GCC_WARN_ABOUT_RETURN_TYPE = YES_ERROR;
				GCC_WARN_UNDECLARED_SELECTOR = YES;
				GCC_WARN_UNINITIALIZED_AUTOS = YES_AGGRESSIVE;
				GCC_WARN_UNUSED_FUNCTION = YES;
				GCC_WARN_UNUSED_VARIABLE = YES;
				IPHONEOS_DEPLOYMENT_TARGET = 10;
				MTL_ENABLE_DEBUG_INFO = INCLUDE_SOURCE;
				MTL_FAST_MATH = YES;
				ONLY_ACTIVE_ARCH = YES;
				SDKROOT = iphoneos;
				SWIFT_ACTIVE_COMPILATION_CONDITIONS = DEBUG;
				SWIFT_OPTIMIZATION_LEVEL = "-Onone";
			};
			name = Debug;
		};
		17ECA9CA24386CB300A59C52 /* Release */ = {
			isa = XCBuildConfiguration;
			buildSettings = {
				ALWAYS_SEARCH_USER_PATHS = NO;
				CLANG_ANALYZER_LOCALIZABILITY_NONLOCALIZED = YES;
				CLANG_ANALYZER_NONNULL = YES;
				CLANG_ANALYZER_NUMBER_OBJECT_CONVERSION = YES_AGGRESSIVE;
				CLANG_CXX_LANGUAGE_STANDARD = "gnu++14";
				CLANG_CXX_LIBRARY = "libc++";
				CLANG_ENABLE_MODULES = YES;
				CLANG_ENABLE_OBJC_ARC = YES;
				CLANG_ENABLE_OBJC_WEAK = YES;
				CLANG_WARN_BLOCK_CAPTURE_AUTORELEASING = YES;
				CLANG_WARN_BOOL_CONVERSION = YES;
				CLANG_WARN_COMMA = YES;
				CLANG_WARN_CONSTANT_CONVERSION = YES;
				CLANG_WARN_DEPRECATED_OBJC_IMPLEMENTATIONS = YES;
				CLANG_WARN_DIRECT_OBJC_ISA_USAGE = YES_ERROR;
				CLANG_WARN_DOCUMENTATION_COMMENTS = YES;
				CLANG_WARN_EMPTY_BODY = YES;
				CLANG_WARN_ENUM_CONVERSION = YES;
				CLANG_WARN_INFINITE_RECURSION = YES;
				CLANG_WARN_INT_CONVERSION = YES;
				CLANG_WARN_NON_LITERAL_NULL_CONVERSION = YES;
				CLANG_WARN_OBJC_IMPLICIT_RETAIN_SELF = YES;
				CLANG_WARN_OBJC_LITERAL_CONVERSION = YES;
				CLANG_WARN_OBJC_ROOT_CLASS = YES_ERROR;
				CLANG_WARN_RANGE_LOOP_ANALYSIS = YES;
				CLANG_WARN_STRICT_PROTOTYPES = YES;
				CLANG_WARN_SUSPICIOUS_MOVE = YES;
				CLANG_WARN_UNGUARDED_AVAILABILITY = YES_AGGRESSIVE;
				CLANG_WARN_UNREACHABLE_CODE = YES;
				CLANG_WARN__DUPLICATE_METHOD_MATCH = YES;
				COPY_PHASE_STRIP = NO;
				DEBUG_INFORMATION_FORMAT = "dwarf-with-dsym";
				ENABLE_NS_ASSERTIONS = NO;
				ENABLE_STRICT_OBJC_MSGSEND = YES;
				GCC_C_LANGUAGE_STANDARD = gnu11;
				GCC_NO_COMMON_BLOCKS = YES;
				GCC_WARN_64_TO_32_BIT_CONVERSION = YES;
				GCC_WARN_ABOUT_RETURN_TYPE = YES_ERROR;
				GCC_WARN_UNDECLARED_SELECTOR = YES;
				GCC_WARN_UNINITIALIZED_AUTOS = YES_AGGRESSIVE;
				GCC_WARN_UNUSED_FUNCTION = YES;
				GCC_WARN_UNUSED_VARIABLE = YES;
				IPHONEOS_DEPLOYMENT_TARGET = 10;
				MTL_ENABLE_DEBUG_INFO = NO;
				MTL_FAST_MATH = YES;
				SDKROOT = iphoneos;
				SWIFT_COMPILATION_MODE = wholemodule;
				SWIFT_OPTIMIZATION_LEVEL = "-O";
				VALIDATE_PRODUCT = YES;
			};
			name = Release;
		};
		17ECA9CC24386CB300A59C52 /* Debug */ = {
			isa = XCBuildConfiguration;
			baseConfigurationReference = A0296262371D82990B07CAA3 /* Pods-LYSwiftLearn.debug.xcconfig */;
			buildSettings = {
				ALWAYS_EMBED_SWIFT_STANDARD_LIBRARIES = YES;
				ASSETCATALOG_COMPILER_APPICON_NAME = AppIcon;
				CODE_SIGN_IDENTITY = "Apple Development";
				CODE_SIGN_STYLE = Automatic;
				DEBUG_INFORMATION_FORMAT = "dwarf-with-dsym";
				DEVELOPMENT_TEAM = H7UCX23H4C;
				ENABLE_BITCODE = NO;
				FRAMEWORK_SEARCH_PATHS = (
					"$(inherited)",
					"$(PROJECT_DIR)/LYSwiftLearn/Framework",
				);
				INFOPLIST_FILE = LYSwiftLearn/Info.plist;
				IPHONEOS_DEPLOYMENT_TARGET = 10.0;
				LD_RUNPATH_SEARCH_PATHS = (
					"$(inherited)",
					"@executable_path/Frameworks",
				);
				MARKETING_VERSION = 3.6.0;
				PRODUCT_BUNDLE_IDENTIFIER = com.yaozh.learns;
				PRODUCT_NAME = "$(TARGET_NAME)";
				PROVISIONING_PROFILE_SPECIFIER = "";
				SWIFT_OBJC_BRIDGING_HEADER = "$(PRODUCT_NAME)/BridgeHeader.h";
				SWIFT_VERSION = 5.0;
				TARGETED_DEVICE_FAMILY = 1;
			};
			name = Debug;
		};
		17ECA9CD24386CB300A59C52 /* Release */ = {
			isa = XCBuildConfiguration;
			baseConfigurationReference = 4C26F3EB29A552D28FA013C5 /* Pods-LYSwiftLearn.release.xcconfig */;
			buildSettings = {
				ALWAYS_EMBED_SWIFT_STANDARD_LIBRARIES = YES;
				ASSETCATALOG_COMPILER_APPICON_NAME = AppIcon;
				CODE_SIGN_IDENTITY = "Apple Development";
				CODE_SIGN_STYLE = Automatic;
				DEBUG_INFORMATION_FORMAT = "dwarf-with-dsym";
				DEVELOPMENT_TEAM = H7UCX23H4C;
				ENABLE_BITCODE = NO;
				FRAMEWORK_SEARCH_PATHS = (
					"$(inherited)",
					"$(PROJECT_DIR)/LYSwiftLearn/Framework",
				);
				INFOPLIST_FILE = LYSwiftLearn/Info.plist;
				IPHONEOS_DEPLOYMENT_TARGET = 10.0;
				LD_RUNPATH_SEARCH_PATHS = (
					"$(inherited)",
					"@executable_path/Frameworks",
				);
				MARKETING_VERSION = 3.6.0;
				PRODUCT_BUNDLE_IDENTIFIER = com.yaozh.learns;
				PRODUCT_NAME = "$(TARGET_NAME)";
				PROVISIONING_PROFILE_SPECIFIER = "";
				SWIFT_OBJC_BRIDGING_HEADER = "$(PRODUCT_NAME)/BridgeHeader.h";
				SWIFT_VERSION = 5.0;
				TARGETED_DEVICE_FAMILY = 1;
			};
			name = Release;
		};
		17ECA9CF24386CB300A59C52 /* Debug */ = {
			isa = XCBuildConfiguration;
			baseConfigurationReference = 6709863E3D36FC744B8CEC0C /* Pods-LYSwiftLearnTests.debug.xcconfig */;
			buildSettings = {
				ALWAYS_EMBED_SWIFT_STANDARD_LIBRARIES = YES;
				BUNDLE_LOADER = "$(TEST_HOST)";
				CODE_SIGN_STYLE = Automatic;
				DEVELOPMENT_TEAM = H7UCX23H4C;
				INFOPLIST_FILE = LYSwiftLearnTests/Info.plist;
				IPHONEOS_DEPLOYMENT_TARGET = 13.2;
				LD_RUNPATH_SEARCH_PATHS = (
					"$(inherited)",
					"@executable_path/Frameworks",
					"@loader_path/Frameworks",
				);
				PRODUCT_BUNDLE_IDENTIFIER = com.liuyu.huanen.LYSwiftLearnTests;
				PRODUCT_NAME = "$(TARGET_NAME)";
				SWIFT_VERSION = 5.0;
				TARGETED_DEVICE_FAMILY = "1,2";
				TEST_HOST = "$(BUILT_PRODUCTS_DIR)/LYSwiftLearn.app/LYSwiftLearn";
			};
			name = Debug;
		};
		17ECA9D024386CB300A59C52 /* Release */ = {
			isa = XCBuildConfiguration;
			baseConfigurationReference = 586CEB84E9BCFB9E9EB90AC7 /* Pods-LYSwiftLearnTests.release.xcconfig */;
			buildSettings = {
				ALWAYS_EMBED_SWIFT_STANDARD_LIBRARIES = YES;
				BUNDLE_LOADER = "$(TEST_HOST)";
				CODE_SIGN_STYLE = Automatic;
				DEVELOPMENT_TEAM = H7UCX23H4C;
				INFOPLIST_FILE = LYSwiftLearnTests/Info.plist;
				IPHONEOS_DEPLOYMENT_TARGET = 13.2;
				LD_RUNPATH_SEARCH_PATHS = (
					"$(inherited)",
					"@executable_path/Frameworks",
					"@loader_path/Frameworks",
				);
				PRODUCT_BUNDLE_IDENTIFIER = com.liuyu.huanen.LYSwiftLearnTests;
				PRODUCT_NAME = "$(TARGET_NAME)";
				SWIFT_VERSION = 5.0;
				TARGETED_DEVICE_FAMILY = "1,2";
				TEST_HOST = "$(BUILT_PRODUCTS_DIR)/LYSwiftLearn.app/LYSwiftLearn";
			};
			name = Release;
		};
		17ECA9D224386CB300A59C52 /* Debug */ = {
			isa = XCBuildConfiguration;
			baseConfigurationReference = 0E5B2C1B4DC088ABCB31A129 /* Pods-LYSwiftLearnUITests.debug.xcconfig */;
			buildSettings = {
				ALWAYS_EMBED_SWIFT_STANDARD_LIBRARIES = YES;
				CODE_SIGN_STYLE = Automatic;
				DEVELOPMENT_TEAM = 6Q4BP395QH;
				INFOPLIST_FILE = LYSwiftLearnUITests/Info.plist;
				LD_RUNPATH_SEARCH_PATHS = (
					"$(inherited)",
					"@executable_path/Frameworks",
					"@loader_path/Frameworks",
				);
				PRODUCT_BUNDLE_IDENTIFIER = com.liuyu.huanen.LYSwiftLearnUITests;
				PRODUCT_NAME = "$(TARGET_NAME)";
				SWIFT_VERSION = 5.0;
				TARGETED_DEVICE_FAMILY = "1,2";
				TEST_TARGET_NAME = LYSwiftLearn;
			};
			name = Debug;
		};
		17ECA9D324386CB300A59C52 /* Release */ = {
			isa = XCBuildConfiguration;
			baseConfigurationReference = 955C24D8B318C8FF9D4AB19F /* Pods-LYSwiftLearnUITests.release.xcconfig */;
			buildSettings = {
				ALWAYS_EMBED_SWIFT_STANDARD_LIBRARIES = YES;
				CODE_SIGN_STYLE = Automatic;
				DEVELOPMENT_TEAM = 6Q4BP395QH;
				INFOPLIST_FILE = LYSwiftLearnUITests/Info.plist;
				LD_RUNPATH_SEARCH_PATHS = (
					"$(inherited)",
					"@executable_path/Frameworks",
					"@loader_path/Frameworks",
				);
				PRODUCT_BUNDLE_IDENTIFIER = com.liuyu.huanen.LYSwiftLearnUITests;
				PRODUCT_NAME = "$(TARGET_NAME)";
				SWIFT_VERSION = 5.0;
				TARGETED_DEVICE_FAMILY = "1,2";
				TEST_TARGET_NAME = LYSwiftLearn;
			};
			name = Release;
		};
/* End XCBuildConfiguration section */

/* Begin XCConfigurationList section */
		17ECA99C24386CAF00A59C52 /* Build configuration list for PBXProject "LYSwiftLearn" */ = {
			isa = XCConfigurationList;
			buildConfigurations = (
				17ECA9C924386CB300A59C52 /* Debug */,
				17ECA9CA24386CB300A59C52 /* Release */,
			);
			defaultConfigurationIsVisible = 0;
			defaultConfigurationName = Release;
		};
		17ECA9CB24386CB300A59C52 /* Build configuration list for PBXNativeTarget "LYSwiftLearn" */ = {
			isa = XCConfigurationList;
			buildConfigurations = (
				17ECA9CC24386CB300A59C52 /* Debug */,
				17ECA9CD24386CB300A59C52 /* Release */,
			);
			defaultConfigurationIsVisible = 0;
			defaultConfigurationName = Release;
		};
		17ECA9CE24386CB300A59C52 /* Build configuration list for PBXNativeTarget "LYSwiftLearnTests" */ = {
			isa = XCConfigurationList;
			buildConfigurations = (
				17ECA9CF24386CB300A59C52 /* Debug */,
				17ECA9D024386CB300A59C52 /* Release */,
			);
			defaultConfigurationIsVisible = 0;
			defaultConfigurationName = Release;
		};
		17ECA9D124386CB300A59C52 /* Build configuration list for PBXNativeTarget "LYSwiftLearnUITests" */ = {
			isa = XCConfigurationList;
			buildConfigurations = (
				17ECA9D224386CB300A59C52 /* Debug */,
				17ECA9D324386CB300A59C52 /* Release */,
			);
			defaultConfigurationIsVisible = 0;
			defaultConfigurationName = Release;
		};
/* End XCConfigurationList section */
	};
	rootObject = 17ECA99924386CAF00A59C52 /* Project object */;
}
